// !$*UTF8*$!
{
	archiveVersion = 1;
	classes = {
	};
	objectVersion = 46;
	objects = {

/* Begin PBXBuildFile section */
		B62372371C2BD2D60031B819 /* LaunchScreen.storyboard in Resources */ = {isa = PBXBuildFile; fileRef = B62372351C2BD2D60031B819 /* LaunchScreen.storyboard */; };
		B62372381C2BD2D60031B819 /* Main.storyboard in Resources */ = {isa = PBXBuildFile; fileRef = B62372361C2BD2D60031B819 /* Main.storyboard */; };
		B68FE27F1C2BD1FA00F8763F /* SectorProgressView.swift in Sources */ = {isa = PBXBuildFile; fileRef = B68FE27E1C2BD1FA00F8763F /* SectorProgressView.swift */; };
		B68FE28B1C2BD20200F8763F /* AppDelegate.swift in Sources */ = {isa = PBXBuildFile; fileRef = B68FE2851C2BD20200F8763F /* AppDelegate.swift */; };
		B68FE28C1C2BD20200F8763F /* Info.plist in Resources */ = {isa = PBXBuildFile; fileRef = B68FE2861C2BD20200F8763F /* Info.plist */; };
		B68FE28D1C2BD20200F8763F /* ViewController.swift in Sources */ = {isa = PBXBuildFile; fileRef = B68FE2871C2BD20200F8763F /* ViewController.swift */; };
		B68FE28E1C2BD20200F8763F /* Assets.xcassets in Resources */ = {isa = PBXBuildFile; fileRef = B68FE2881C2BD20200F8763F /* Assets.xcassets */; };
/* End PBXBuildFile section */

/* Begin PBXFileReference section */
		B62372351C2BD2D60031B819 /* LaunchScreen.storyboard */ = {isa = PBXFileReference; fileEncoding = 4; lastKnownFileType = file.storyboard; name = LaunchScreen.storyboard; path = SectorProgressView/LaunchScreen.storyboard; sourceTree = SOURCE_ROOT; };
		B62372361C2BD2D60031B819 /* Main.storyboard */ = {isa = PBXFileReference; fileEncoding = 4; lastKnownFileType = file.storyboard; name = Main.storyboard; path = SectorProgressView/Main.storyboard; sourceTree = SOURCE_ROOT; };
		B68FE2661C2BA19C00F8763F /* SectorProgressView.app */ = {isa = PBXFileReference; explicitFileType = wrapper.application; includeInIndex = 0; path = SectorProgressView.app; sourceTree = BUILT_PRODUCTS_DIR; };
		B68FE27E1C2BD1FA00F8763F /* SectorProgressView.swift */ = {isa = PBXFileReference; fileEncoding = 4; lastKnownFileType = sourcecode.swift; name = SectorProgressView.swift; path = SectorProgressView/SectorProgressView.swift; sourceTree = SOURCE_ROOT; };
		B68FE2851C2BD20200F8763F /* AppDelegate.swift */ = {isa = PBXFileReference; fileEncoding = 4; lastKnownFileType = sourcecode.swift; name = AppDelegate.swift; path = SectorProgressView/AppDelegate.swift; sourceTree = SOURCE_ROOT; };
		B68FE2861C2BD20200F8763F /* Info.plist */ = {isa = PBXFileReference; fileEncoding = 4; lastKnownFileType = text.plist.xml; name = Info.plist; path = SectorProgressView/Info.plist; sourceTree = SOURCE_ROOT; };
		B68FE2871C2BD20200F8763F /* ViewController.swift */ = {isa = PBXFileReference; fileEncoding = 4; lastKnownFileType = sourcecode.swift; name = ViewController.swift; path = SectorProgressView/ViewController.swift; sourceTree = SOURCE_ROOT; };
		B68FE2881C2BD20200F8763F /* Assets.xcassets */ = {isa = PBXFileReference; lastKnownFileType = folder.assetcatalog; name = Assets.xcassets; path = SectorProgressView/Assets.xcassets; sourceTree = SOURCE_ROOT; };
/* End PBXFileReference section */

/* Begin PBXFrameworksBuildPhase section */
		B68FE2631C2BA19C00F8763F /* Frameworks */ = {
			isa = PBXFrameworksBuildPhase;
			buildActionMask = 2147483647;
			files = (
			);
			runOnlyForDeploymentPostprocessing = 0;
		};
/* End PBXFrameworksBuildPhase section */

/* Begin PBXGroup section */
		B68FE25D1C2BA19C00F8763F = {
			isa = PBXGroup;
			children = (
				B68FE2681C2BA19C00F8763F /* SectorProgressView */,
				B68FE2671C2BA19C00F8763F /* Products */,
			);
			sourceTree = "<group>";
		};
		B68FE2671C2BA19C00F8763F /* Products */ = {
			isa = PBXGroup;
			children = (
				B68FE2661C2BA19C00F8763F /* SectorProgressView.app */,
			);
			name = Products;
			sourceTree = "<group>";
		};
		B68FE2681C2BA19C00F8763F /* SectorProgressView */ = {
			isa = PBXGroup;
			children = (
				B62372351C2BD2D60031B819 /* LaunchScreen.storyboard */,
				B62372361C2BD2D60031B819 /* Main.storyboard */,
				B68FE2851C2BD20200F8763F /* AppDelegate.swift */,
				B68FE2871C2BD20200F8763F /* ViewController.swift */,
				B68FE27E1C2BD1FA00F8763F /* SectorProgressView.swift */,
				B68FE2881C2BD20200F8763F /* Assets.xcassets */,
				B68FE2861C2BD20200F8763F /* Info.plist */,
			);
			name = SectorProgressView;
			path = TestFan;
			sourceTree = "<group>";
		};
/* End PBXGroup section */

/* Begin PBXNativeTarget section */
		B68FE2651C2BA19C00F8763F /* SectorProgressView */ = {
			isa = PBXNativeTarget;
			buildConfigurationList = B68FE2781C2BA19D00F8763F /* Build configuration list for PBXNativeTarget "SectorProgressView" */;
			buildPhases = (
				B68FE2621C2BA19C00F8763F /* Sources */,
				B68FE2631C2BA19C00F8763F /* Frameworks */,
				B68FE2641C2BA19C00F8763F /* Resources */,
			);
			buildRules = (
			);
			dependencies = (
			);
			name = SectorProgressView;
			productName = TestFan;
			productReference = B68FE2661C2BA19C00F8763F /* SectorProgressView.app */;
			productType = "com.apple.product-type.application";
		};
/* End PBXNativeTarget section */

/* Begin PBXProject section */
		B68FE25E1C2BA19C00F8763F /* Project object */ = {
			isa = PBXProject;
			attributes = {
				LastSwiftUpdateCheck = 0720;
				LastUpgradeCheck = 0720;
				ORGANIZATIONNAME = "Shi Xu";
				TargetAttributes = {
					B68FE2651C2BA19C00F8763F = {
						CreatedOnToolsVersion = 7.2;
					};
				};
			};
			buildConfigurationList = B68FE2611C2BA19C00F8763F /* Build configuration list for PBXProject "SectorProgressView" */;
			compatibilityVersion = "Xcode 3.2";
			developmentRegion = English;
			hasScannedForEncodings = 0;
			knownRegions = (
				en,
				Base,
			);
			mainGroup = B68FE25D1C2BA19C00F8763F;
			productRefGroup = B68FE2671C2BA19C00F8763F /* Products */;
			projectDirPath = "";
			projectRoot = "";
			targets = (
				B68FE2651C2BA19C00F8763F /* SectorProgressView */,
			);
		};
/* End PBXProject section */

/* Begin PBXResourcesBuildPhase section */
		B68FE2641C2BA19C00F8763F /* Resources */ = {
			isa = PBXResourcesBuildPhase;
			buildActionMask = 2147483647;
			files = (
				B62372381C2BD2D60031B819 /* Main.storyboard in Resources */,
				B62372371C2BD2D60031B819 /* LaunchScreen.storyboard in Resources */,
				B68FE28C1C2BD20200F8763F /* Info.plist in Resources */,
				B68FE28E1C2BD20200F8763F /* Assets.xcassets in Resources */,
			);
			runOnlyForDeploymentPostprocessing = 0;
		};
/* End PBXResourcesBuildPhase section */

/* Begin PBXSourcesBuildPhase section */
		B68FE2621C2BA19C00F8763F /* Sources */ = {
			isa = PBXSourcesBuildPhase;
			buildActionMask = 2147483647;
			files = (
				B68FE28D1C2BD20200F8763F /* ViewController.swift in Sources */,
				B68FE28B1C2BD20200F8763F /* AppDelegate.swift in Sources */,
				B68FE27F1C2BD1FA00F8763F /* SectorProgressView.swift in Sources */,
			);
			runOnlyForDeploymentPostprocessing = 0;
		};
/* End PBXSourcesBuildPhase section */

/* Begin XCBuildConfiguration section */
		B68FE2761C2BA19D00F8763F /* Debug */ = {
			isa = XCBuildConfiguration;
			buildSettings = {
				ALWAYS_SEARCH_USER_PATHS = NO;
				CLANG_CXX_LANGUAGE_STANDARD = "gnu++0x";
				CLANG_CXX_LIBRARY = "libc++";
				CLANG_ENABLE_MODULES = YES;
				CLANG_ENABLE_OBJC_ARC = YES;
				CLANG_WARN_BOOL_CONVERSION = YES;
				CLANG_WARN_CONSTANT_CONVERSION = YES;
				CLANG_WARN_DIRECT_OBJC_ISA_USAGE = YES_ERROR;
				CLANG_WARN_EMPTY_BODY = YES;
				CLANG_WARN_ENUM_CONVERSION = YES;
				CLANG_WARN_INT_CONVERSION = YES;
				CLANG_WARN_OBJC_ROOT_CLASS = YES_ERROR;
				CLANG_WARN_UNREACHABLE_CODE = YES;
				CLANG_WARN__DUPLICATE_METHOD_MATCH = YES;
				"CODE_SIGN_IDENTITY[sdk=iphoneos*]" = "iPhone Developer";
				COPY_PHASE_STRIP = NO;
				DEBUG_INFORMATION_FORMAT = dwarf;
				ENABLE_STRICT_OBJC_MSGSEND = YES;
				ENABLE_TESTABILITY = YES;
				GCC_C_LANGUAGE_STANDARD = gnu99;
				GCC_DYNAMIC_NO_PIC = NO;
				GCC_NO_COMMON_BLOCKS = YES;
				GCC_OPTIMIZATION_LEVEL = 0;
				GCC_PREPROCESSOR_DEFINITIONS = (
					"DEBUG=1",
					"$(inherited)",
				);
				GCC_WARN_64_TO_32_BIT_CONVERSION = YES;
				GCC_WARN_ABOUT_RETURN_TYPE = YES_ERROR;
				GCC_WARN_UNDECLARED_SELECTOR = YES;
				GCC_WARN_UNINITIALIZED_AUTOS = YES_AGGRESSIVE;
				GCC_WARN_UNUSED_FUNCTION = YES;
				GCC_WARN_UNUSED_VARIABLE = YES;
				IPHONEOS_DEPLOYMENT_TARGET = 9.2;
				MTL_ENABLE_DEBUG_INFO = YES;
				ONLY_ACTIVE_ARCH = YES;
				SDKROOT = iphoneos;
				SWIFT_OPTIMIZATION_LEVEL = "-Onone";
				TARGETED_DEVICE_FAMILY = "1,2";
			};
			name = Debug;
		};
		B68FE2771C2BA19D00F8763F /* Release */ = {
			isa = XCBuildConfiguration;
			buildSettings = {
				ALWAYS_SEARCH_USER_PATHS = NO;
				CLANG_CXX_LANGUAGE_STANDARD = "gnu++0x";
				CLANG_CXX_LIBRARY = "libc++";
				CLANG_ENABLE_MODULES = YES;
				CLANG_ENABLE_OBJC_ARC = YES;
				CLANG_WARN_BOOL_CONVERSION = YES;
				CLANG_WARN_CONSTANT_CONVERSION = YES;
				CLANG_WARN_DIRECT_OBJC_ISA_USAGE = YES_ERROR;
				CLANG_WARN_EMPTY_BODY = YES;
				CLANG_WARN_ENUM_CONVERSION = YES;
				CLANG_WARN_INT_CONVERSION = YES;
				CLANG_WARN_OBJC_ROOT_CLASS = YES_ERROR;
				CLANG_WARN_UNREACHABLE_CODE = YES;
				CLANG_WARN__DUPLICATE_METHOD_MATCH = YES;
				"CODE_SIGN_IDENTITY[sdk=iphoneos*]" = "iPhone Developer";
				COPY_PHASE_STRIP = NO;
				DEBUG_INFORMATION_FORMAT = "dwarf-with-dsym";
				ENABLE_NS_ASSERTIONS = NO;
				ENABLE_STRICT_OBJC_MSGSEND = YES;
				GCC_C_LANGUAGE_STANDARD = gnu99;
				GCC_NO_COMMON_BLOCKS = YES;
				GCC_WARN_64_TO_32_BIT_CONVERSION = YES;
				GCC_WARN_ABOUT_RETURN_TYPE = YES_ERROR;
				GCC_WARN_UNDECLARED_SELECTOR = YES;
				GCC_WARN_UNINITIALIZED_AUTOS = YES_AGGRESSIVE;
				GCC_WARN_UNUSED_FUNCTION = YES;
				GCC_WARN_UNUSED_VARIABLE = YES;
				IPHONEOS_DEPLOYMENT_TARGET = 9.2;
				MTL_ENABLE_DEBUG_INFO = NO;
				SDKROOT = iphoneos;
				TARGETED_DEVICE_FAMILY = "1,2";
				VALIDATE_PRODUCT = YES;
			};
			name = Release;
		};
		B68FE2791C2BA19D00F8763F /* Debug */ = {
			isa = XCBuildConfiguration;
			buildSettings = {
				ASSETCATALOG_COMPILER_APPICON_NAME = AppIcon;
				CLANG_ENABLE_MODULES = YES;
				INFOPLIST_FILE = SectorProgressView/Info.plist;
				LD_RUNPATH_SEARCH_PATHS = "$(inherited) @executable_path/Frameworks";
				PRODUCT_BUNDLE_IDENTIFIER = com.xsown.SectorProgressView;
				PRODUCT_NAME = SectorProgressView;
				SWIFT_OPTIMIZATION_LEVEL = "-Onone";
			};
			name = Debug;
		};
		B68FE27A1C2BA19D00F8763F /* Release */ = {
			isa = XCBuildConfiguration;
			buildSettings = {
				ASSETCATALOG_COMPILER_APPICON_NAME = AppIcon;
				CLANG_ENABLE_MODULES = YES;
				INFOPLIST_FILE = SectorProgressView/Info.plist;
				LD_RUNPATH_SEARCH_PATHS = "$(inherited) @executable_path/Frameworks";
				PRODUCT_BUNDLE_IDENTIFIER = com.xsown.SectorProgressView;
				PRODUCT_NAME = SectorProgressView;
			};
			name = Release;
		};
/* End XCBuildConfiguration section */

/* Begin XCConfigurationList section */
		B68FE2611C2BA19C00F8763F /* Build configuration list for PBXProject "SectorProgressView" */ = {
			isa = XCConfigurationList;
			buildConfigurations = (
				B68FE2761C2BA19D00F8763F /* Debug */,
				B68FE2771C2BA19D00F8763F /* Release */,
			);
			defaultConfigurationIsVisible = 0;
			defaultConfigurationName = Release;
		};
		B68FE2781C2BA19D00F8763F /* Build configuration list for PBXNativeTarget "SectorProgressView" */ = {
			isa = XCConfigurationList;
			buildConfigurations = (
				B68FE2791C2BA19D00F8763F /* Debug */,
				B68FE27A1C2BA19D00F8763F /* Release */,
			);
			defaultConfigurationIsVisible = 0;
			defaultConfigurationName = Release;
		};
/* End XCConfigurationList section */
	};
	rootObject = B68FE25E1C2BA19C00F8763F /* Project object */;
}
